
Microsoft Visual Studio Solution File, Format Version 12.00
# Visual Studio Version 17
VisualStudioVersion = 17.4.33213.308
MinimumVisualStudioVersion = 10.0.40219.1
Project("{FAE04EC0-301F-11D3-BF4B-00C04F79EFBC}") = "CheckersPF", "CheckersPF.csproj", "{DAC3F447-0E6D-4659-B3FE-3977C480A98C}"
EndProject
Global
	GlobalSection(SolutionConfigurationPlatforms) = preSolution
		Debug|Any CPU = Debug|Any CPU
		Release|Any CPU = Release|Any CPU
	EndGlobalSection
	GlobalSection(ProjectConfigurationPlatforms) = postSolution
		{DAC3F447-0E6D-4659-B3FE-3977C480A98C}.Debug|Any CPU.ActiveCfg = Debug|Any CPU
		{DAC3F447-0E6D-4659-B3FE-3977C480A98C}.Debug|Any CPU.Build.0 = Debug|Any CPU
		{DAC3F447-0E6D-4659-B3FE-3977C480A98C}.Release|Any CPU.ActiveCfg = Release|Any CPU
		{DAC3F447-0E6D-4659-B3FE-3977C480A98C}.Release|Any CPU.Build.0 = Release|Any CPU
	EndGlobalSection
	GlobalSection(SolutionProperties) = preSolution
		HideSolutionNode = FALSE
	EndGlobalSection
	GlobalSection(ExtensibilityGlobals) = postSolution
		SolutionGuid = {EB9F2BEC-4FCA-44D1-816A-6B827A4E3BD2}
	EndGlobalSection
EndGlobal
